
Microsoft Visual Studio Solution File, Format Version 12.00
# Visual Studio Version 17
VisualStudioVersion = 17.0.31912.275
MinimumVisualStudioVersion = 10.0.40219.1
Project("{9A19103F-16F7-4668-BE54-9A1E7A4F7556}") = "Domain", "src\Domain\Domain.csproj", "{54AF8957-FDEE-4EB2-98C8-54780EFA1BE5}"
EndProject
Project("{2150E333-8FDC-42A3-9474-1A3956D46DE8}") = "src", "src", "{BAAA7482-0E54-4FC1-BCB5-53DD5235D1D6}"
EndProject
Project("{2150E333-8FDC-42A3-9474-1A3956D46DE8}") = "tests", "tests", "{3B04E3EF-7493-476F-AFA0-9069B5D10CFC}"
EndProject
Project("{9A19103F-16F7-4668-BE54-9A1E7A4F7556}") = "Infrastructure", "src\Infrastructure\Infrastructure.csproj", "{9D660F9D-2701-47A0-B16E-841FC6444C97}"
EndProject
Project("{9A19103F-16F7-4668-BE54-9A1E7A4F7556}") = "Infrastructure.Tests", "tests\Infrastructure.Tests\Infrastructure.Tests.csproj", "{F6DD0318-E4A8-4B38-8CF4-498F75A61BAE}"
EndProject
Project("{9A19103F-16F7-4668-BE54-9A1E7A4F7556}") = "Domain.Tests", "tests\Domain.Tests\Domain.Tests.csproj", "{E26AD13F-63E2-49A4-A9D9-B9FD10A471E2}"
EndProject
Project("{9A19103F-16F7-4668-BE54-9A1E7A4F7556}") = "Networking", "src\Networking\Networking.csproj", "{CE543C61-4AFC-420A-A30B-695A66D26AD0}"
EndProject
Project("{FAE04EC0-301F-11D3-BF4B-00C04F79EFBC}") = "Networking.Tests", "Networking.Tests\Networking.Tests.csproj", "{247A4E74-B4D9-4E67-976E-B42477AC881D}"
EndProject
Global
	GlobalSection(SolutionConfigurationPlatforms) = preSolution
		Debug|Any CPU = Debug|Any CPU
		Release|Any CPU = Release|Any CPU
	EndGlobalSection
	GlobalSection(ProjectConfigurationPlatforms) = postSolution
		{54AF8957-FDEE-4EB2-98C8-54780EFA1BE5}.Debug|Any CPU.ActiveCfg = Debug|Any CPU
		{54AF8957-FDEE-4EB2-98C8-54780EFA1BE5}.Debug|Any CPU.Build.0 = Debug|Any CPU
		{54AF8957-FDEE-4EB2-98C8-54780EFA1BE5}.Release|Any CPU.ActiveCfg = Release|Any CPU
		{54AF8957-FDEE-4EB2-98C8-54780EFA1BE5}.Release|Any CPU.Build.0 = Release|Any CPU
		{9D660F9D-2701-47A0-B16E-841FC6444C97}.Debug|Any CPU.ActiveCfg = Debug|Any CPU
		{9D660F9D-2701-47A0-B16E-841FC6444C97}.Debug|Any CPU.Build.0 = Debug|Any CPU
		{9D660F9D-2701-47A0-B16E-841FC6444C97}.Release|Any CPU.ActiveCfg = Release|Any CPU
		{9D660F9D-2701-47A0-B16E-841FC6444C97}.Release|Any CPU.Build.0 = Release|Any CPU
		{F6DD0318-E4A8-4B38-8CF4-498F75A61BAE}.Debug|Any CPU.ActiveCfg = Debug|Any CPU
		{F6DD0318-E4A8-4B38-8CF4-498F75A61BAE}.Debug|Any CPU.Build.0 = Debug|Any CPU
		{F6DD0318-E4A8-4B38-8CF4-498F75A61BAE}.Release|Any CPU.ActiveCfg = Release|Any CPU
		{F6DD0318-E4A8-4B38-8CF4-498F75A61BAE}.Release|Any CPU.Build.0 = Release|Any CPU
		{E26AD13F-63E2-49A4-A9D9-B9FD10A471E2}.Debug|Any CPU.ActiveCfg = Debug|Any CPU
		{E26AD13F-63E2-49A4-A9D9-B9FD10A471E2}.Debug|Any CPU.Build.0 = Debug|Any CPU
		{E26AD13F-63E2-49A4-A9D9-B9FD10A471E2}.Release|Any CPU.ActiveCfg = Release|Any CPU
		{E26AD13F-63E2-49A4-A9D9-B9FD10A471E2}.Release|Any CPU.Build.0 = Release|Any CPU
		{CE543C61-4AFC-420A-A30B-695A66D26AD0}.Debug|Any CPU.ActiveCfg = Debug|Any CPU
		{CE543C61-4AFC-420A-A30B-695A66D26AD0}.Debug|Any CPU.Build.0 = Debug|Any CPU
		{CE543C61-4AFC-420A-A30B-695A66D26AD0}.Release|Any CPU.ActiveCfg = Release|Any CPU
		{CE543C61-4AFC-420A-A30B-695A66D26AD0}.Release|Any CPU.Build.0 = Release|Any CPU
		{247A4E74-B4D9-4E67-976E-B42477AC881D}.Debug|Any CPU.ActiveCfg = Debug|Any CPU
		{247A4E74-B4D9-4E67-976E-B42477AC881D}.Debug|Any CPU.Build.0 = Debug|Any CPU
		{247A4E74-B4D9-4E67-976E-B42477AC881D}.Release|Any CPU.ActiveCfg = Release|Any CPU
		{247A4E74-B4D9-4E67-976E-B42477AC881D}.Release|Any CPU.Build.0 = Release|Any CPU
	EndGlobalSection
	GlobalSection(SolutionProperties) = preSolution
		HideSolutionNode = FALSE
	EndGlobalSection
	GlobalSection(NestedProjects) = preSolution
		{54AF8957-FDEE-4EB2-98C8-54780EFA1BE5} = {BAAA7482-0E54-4FC1-BCB5-53DD5235D1D6}
		{9D660F9D-2701-47A0-B16E-841FC6444C97} = {BAAA7482-0E54-4FC1-BCB5-53DD5235D1D6}
		{F6DD0318-E4A8-4B38-8CF4-498F75A61BAE} = {3B04E3EF-7493-476F-AFA0-9069B5D10CFC}
		{E26AD13F-63E2-49A4-A9D9-B9FD10A471E2} = {3B04E3EF-7493-476F-AFA0-9069B5D10CFC}
		{CE543C61-4AFC-420A-A30B-695A66D26AD0} = {BAAA7482-0E54-4FC1-BCB5-53DD5235D1D6}
		{247A4E74-B4D9-4E67-976E-B42477AC881D} = {3B04E3EF-7493-476F-AFA0-9069B5D10CFC}
	EndGlobalSection
	GlobalSection(ExtensibilityGlobals) = postSolution
		SolutionGuid = {9D3A46E2-5A31-4E92-B5D8-F1B3BF011BB6}
	EndGlobalSection
EndGlobal
